lockfileVersion: 5.3

specifiers:
  '@types/node': ^16.11.13
  '@typescript-eslint/eslint-plugin': ^5.7.0
  '@typescript-eslint/parser': ^5.7.0
  eslint: ^8.4.1
  prettier: ^2.5.1
  ts-node: ^10.4.0
  typescript: ^4.5.4

devDependencies:
  '@types/node': 16.11.13
  '@typescript-eslint/eslint-plugin': 5.7.0_915acdfead96f701b1277a1a723fc8d4
  '@typescript-eslint/parser': 5.7.0_eslint@8.4.1+typescript@4.5.4
  eslint: 8.4.1
  prettier: 2.5.1
  ts-node: 10.4.0_69110452f0eabb9535124518c5fd04a6
  typescript: 4.5.4

packages:

  /@cspotcode/source-map-consumer/0.8.0:
    resolution: {integrity: sha1-M79LeznBeIIWBvZpu8RHpqYpeGs=, tarball: '@cspotcode/source-map-consumer/download/@cspotcode/source-map-consumer-0.8.0.tgz'}
    engines: {node: '>= 12'}
    dev: true

  /@cspotcode/source-map-support/0.7.0:
    resolution: {integrity: sha1-R4mECqhZ5G0vMXNyercHxmvzRPU=, tarball: '@cspotcode/source-map-support/download/@cspotcode/source-map-support-0.7.0.tgz'}
    engines: {node: '>=12'}
    dependencies:
      '@cspotcode/source-map-consumer': 0.8.0
    dev: true

  /@eslint/eslintrc/1.0.5:
    resolution: {integrity: sha512-BLxsnmK3KyPunz5wmCCpqy0YelEoxxGmH73Is+Z74oOTMtExcjkr3dDR6quwrjh1YspA8DH9gnX1o069KiS9AQ==, tarball: '@eslint/eslintrc/download/@eslint/eslintrc-1.0.5.tgz'}
    engines: {node: ^12.22.0 || ^14.17.0 || >=16.0.0}
    dependencies:
      ajv: 6.12.6
      debug: 4.3.3
      espree: 9.2.0
      globals: 13.12.0
      ignore: 4.0.6
      import-fresh: 3.3.0
      js-yaml: 4.1.0
      minimatch: 3.0.4
      strip-json-comments: 3.1.1
    transitivePeerDependencies:
      - supports-color
    dev: true

  /@humanwhocodes/config-array/0.9.2:
    resolution: {integrity: sha1-aL5VxzcCMAnfxf4kXVEYG7ZHaRQ=, tarball: '@humanwhocodes/config-array/download/@humanwhocodes/config-array-0.9.2.tgz'}
    engines: {node: '>=10.10.0'}
    dependencies:
      '@humanwhocodes/object-schema': 1.2.1
      debug: 4.3.3
      minimatch: 3.0.4
    transitivePeerDependencies:
      - supports-color
    dev: true

  /@humanwhocodes/object-schema/1.2.1:
    resolution: {integrity: sha1-tSBSnsIdjllFoYUd/Rwy6U45/0U=, tarball: '@humanwhocodes/object-schema/download/@humanwhocodes/object-schema-1.2.1.tgz'}
    dev: true

  /@nodelib/fs.scandir/2.1.5:
    resolution: {integrity: sha1-dhnC6yGyVIP20WdUi0z9WnSIw9U=, tarball: '@nodelib/fs.scandir/download/@nodelib/fs.scandir-2.1.5.tgz'}
    engines: {node: '>= 8'}
    dependencies:
      '@nodelib/fs.stat': 2.0.5
      run-parallel: 1.2.0
    dev: true

  /@nodelib/fs.stat/2.0.5:
    resolution: {integrity: sha1-W9Jir5Tp0lvR5xsF3u1Eh2oiLos=, tarball: '@nodelib/fs.stat/download/@nodelib/fs.stat-2.0.5.tgz'}
    engines: {node: '>= 8'}
    dev: true

  /@nodelib/fs.walk/1.2.8:
    resolution: {integrity: sha1-6Vc36LtnRt3t9pxVaVNJTxlv5po=, tarball: '@nodelib/fs.walk/download/@nodelib/fs.walk-1.2.8.tgz?cache=0&sync_timestamp=1632822730231&other_urls=https%3A%2F%2Fregistry.npmmirror.com%2F%40nodelib%2Ffs.walk%2Fdownload%2F%40nodelib%2Ffs.walk-1.2.8.tgz'}
    engines: {node: '>= 8'}
    dependencies:
      '@nodelib/fs.scandir': 2.1.5
      fastq: 1.13.0
    dev: true

  /@tsconfig/node10/1.0.8:
    resolution: {integrity: sha1-weToDW+WT77LM1nEO9SLQPfK2tk=, tarball: '@tsconfig/node10/download/@tsconfig/node10-1.0.8.tgz'}
    dev: true

  /@tsconfig/node12/1.0.9:
    resolution: {integrity: sha1-YsH23uLr2a6tgNw6+laBDljhoEw=, tarball: '@tsconfig/node12/download/@tsconfig/node12-1.0.9.tgz'}
    dev: true

  /@tsconfig/node14/1.0.1:
    resolution: {integrity: sha1-lfLRZ/+5uNIGiwsjUwL6/U33EfI=, tarball: '@tsconfig/node14/download/@tsconfig/node14-1.0.1.tgz'}
    dev: true

  /@tsconfig/node16/1.0.2:
    resolution: {integrity: sha1-Qjx3h30Fadsg4fyAiFrEEYMUAQ4=, tarball: '@tsconfig/node16/download/@tsconfig/node16-1.0.2.tgz'}
    dev: true

  /@types/json-schema/7.0.9:
    resolution: {integrity: sha1-l+3JA36gw4WFMgsolk3eOznkZg0=, tarball: '@types/json-schema/download/@types/json-schema-7.0.9.tgz'}
    dev: true

  /@types/node/16.11.13:
    resolution: {integrity: sha512-eUXZzHLHoZqj1frtUetNkUetYoJ6X55UmrVnFD4DMhVeAmwLjniZhtBmsRiemQh4uq4G3vUra/Ws/hs9vEvL3Q==, tarball: '@types/node/download/@types/node-16.11.13.tgz'}
    dev: true

  /@typescript-eslint/eslint-plugin/5.7.0_915acdfead96f701b1277a1a723fc8d4:
    resolution: {integrity: sha512-8RTGBpNn5a9M628wBPrCbJ+v3YTEOE2qeZb7TDkGKTDXSj36KGRg92SpFFaR/0S3rSXQxM0Og/kV9EyadsYSBg==, tarball: '@typescript-eslint/eslint-plugin/download/@typescript-eslint/eslint-plugin-5.7.0.tgz'}
    engines: {node: ^12.22.0 || ^14.17.0 || >=16.0.0}
    peerDependencies:
      '@typescript-eslint/parser': ^5.0.0
      eslint: ^6.0.0 || ^7.0.0 || ^8.0.0
      typescript: '*'
    peerDependenciesMeta:
      typescript:
        optional: true
    dependencies:
      '@typescript-eslint/experimental-utils': 5.7.0_eslint@8.4.1+typescript@4.5.4
      '@typescript-eslint/parser': 5.7.0_eslint@8.4.1+typescript@4.5.4
      '@typescript-eslint/scope-manager': 5.7.0
      debug: 4.3.3
      eslint: 8.4.1
      functional-red-black-tree: 1.0.1
      ignore: 5.1.9
      regexpp: 3.2.0
      semver: 7.3.5
      tsutils: 3.21.0_typescript@4.5.4
      typescript: 4.5.4
    transitivePeerDependencies:
      - supports-color
    dev: true

  /@typescript-eslint/experimental-utils/5.7.0_eslint@8.4.1+typescript@4.5.4:
    resolution: {integrity: sha512-u57eZ5FbEpzN5kSjmVrSesovWslH2ZyNPnaXQMXWgH57d5+EVHEt76W75vVuI9qKZ5BMDKNfRN+pxcPEjQjb2A==, tarball: '@typescript-eslint/experimental-utils/download/@typescript-eslint/experimental-utils-5.7.0.tgz'}
    engines: {node: ^12.22.0 || ^14.17.0 || >=16.0.0}
    peerDependencies:
      eslint: '*'
    dependencies:
      '@types/json-schema': 7.0.9
      '@typescript-eslint/scope-manager': 5.7.0
      '@typescript-eslint/types': 5.7.0
      '@typescript-eslint/typescript-estree': 5.7.0_typescript@4.5.4
      eslint: 8.4.1
      eslint-scope: 5.1.1
      eslint-utils: 3.0.0_eslint@8.4.1
    transitivePeerDependencies:
      - supports-color
      - typescript
    dev: true

  /@typescript-eslint/parser/5.7.0_eslint@8.4.1+typescript@4.5.4:
    resolution: {integrity: sha512-m/gWCCcS4jXw6vkrPQ1BjZ1vomP01PArgzvauBqzsoZ3urLbsRChexB8/YV8z9HwE3qlJM35FxfKZ1nfP/4x8g==, tarball: '@typescript-eslint/parser/download/@typescript-eslint/parser-5.7.0.tgz'}
    engines: {node: ^12.22.0 || ^14.17.0 || >=16.0.0}
    peerDependencies:
      eslint: ^6.0.0 || ^7.0.0 || ^8.0.0
      typescript: '*'
    peerDependenciesMeta:
      typescript:
        optional: true
    dependencies:
      '@typescript-eslint/scope-manager': 5.7.0
      '@typescript-eslint/types': 5.7.0
      '@typescript-eslint/typescript-estree': 5.7.0_typescript@4.5.4
      debug: 4.3.3
      eslint: 8.4.1
      typescript: 4.5.4
    transitivePeerDependencies:
      - supports-color
    dev: true

  /@typescript-eslint/scope-manager/5.7.0:
    resolution: {integrity: sha512-7mxR520DGq5F7sSSgM0HSSMJ+TFUymOeFRMfUfGFAVBv8BR+Jv1vHgAouYUvWRZeszVBJlLcc9fDdktxb5kmxA==, tarball: '@typescript-eslint/scope-manager/download/@typescript-eslint/scope-manager-5.7.0.tgz'}
    engines: {node: ^12.22.0 || ^14.17.0 || >=16.0.0}
    dependencies:
      '@typescript-eslint/types': 5.7.0
      '@typescript-eslint/visitor-keys': 5.7.0
    dev: true

  /@typescript-eslint/types/5.7.0:
    resolution: {integrity: sha512-5AeYIF5p2kAneIpnLFve8g50VyAjq7udM7ApZZ9JYjdPjkz0LvODfuSHIDUVnIuUoxafoWzpFyU7Sqbxgi79mA==, tarball: '@typescript-eslint/types/download/@typescript-eslint/types-5.7.0.tgz'}
    engines: {node: ^12.22.0 || ^14.17.0 || >=16.0.0}
    dev: true

  /@typescript-eslint/typescript-estree/5.7.0_typescript@4.5.4:
    resolution: {integrity: sha512-aO1Ql+izMrTnPj5aFFlEJkpD4jRqC4Gwhygu2oHK2wfVQpmOPbyDSveJ+r/NQo+PWV43M6uEAeLVbTi09dFLhg==, tarball: '@typescript-eslint/typescript-estree/download/@typescript-eslint/typescript-estree-5.7.0.tgz'}
    engines: {node: ^12.22.0 || ^14.17.0 || >=16.0.0}
    peerDependencies:
      typescript: '*'
    peerDependenciesMeta:
      typescript:
        optional: true
    dependencies:
      '@typescript-eslint/types': 5.7.0
      '@typescript-eslint/visitor-keys': 5.7.0
      debug: 4.3.3
      globby: 11.0.4
      is-glob: 4.0.3
      semver: 7.3.5
      tsutils: 3.21.0_typescript@4.5.4
      typescript: 4.5.4
    transitivePeerDependencies:
      - supports-color
    dev: true

  /@typescript-eslint/visitor-keys/5.7.0:
    resolution: {integrity: sha512-hdohahZ4lTFcglZSJ3DGdzxQHBSxsLVqHzkiOmKi7xVAWC4y2c1bIMKmPJSrA4aOEoRUPOKQ87Y/taC7yVHpFg==, tarball: '@typescript-eslint/visitor-keys/download/@typescript-eslint/visitor-keys-5.7.0.tgz'}
    engines: {node: ^12.22.0 || ^14.17.0 || >=16.0.0}
    dependencies:
      '@typescript-eslint/types': 5.7.0
      eslint-visitor-keys: 3.1.0
    dev: true

  /acorn-jsx/5.3.2_acorn@8.6.0:
    resolution: {integrity: sha1-ftW7VZCLOy8bxVxq8WU7rafweTc=, tarball: acorn-jsx/download/acorn-jsx-5.3.2.tgz}
    peerDependencies:
      acorn: ^6.0.0 || ^7.0.0 || ^8.0.0
    dependencies:
      acorn: 8.6.0
    dev: true

  /acorn-walk/8.2.0:
    resolution: {integrity: sha1-dBIQ8uJCZFRQiFOi9E0KuDt/acE=, tarball: acorn-walk/download/acorn-walk-8.2.0.tgz}
    engines: {node: '>=0.4.0'}
    dev: true

  /acorn/8.6.0:
    resolution: {integrity: sha512-U1riIR+lBSNi3IbxtaHOIKdH8sLFv3NYfNv8sg7ZsNhcfl4HF2++BfqqrNAxoCLQW1iiylOj76ecnaUxz+z9yw==, tarball: acorn/download/acorn-8.6.0.tgz}
    engines: {node: '>=0.4.0'}
    hasBin: true
    dev: true

  /ajv/6.12.6:
    resolution: {integrity: sha1-uvWmLoArB9l3A0WG+MO69a3ybfQ=, tarball: ajv/download/ajv-6.12.6.tgz}
    dependencies:
      fast-deep-equal: 3.1.3
      fast-json-stable-stringify: 2.1.0
      json-schema-traverse: 0.4.1
      uri-js: 4.4.1
    dev: true

  /ansi-colors/4.1.1:
    resolution: {integrity: sha1-y7muJWv3UK8eqzRPIpqif+lLo0g=, tarball: ansi-colors/download/ansi-colors-4.1.1.tgz?cache=0&sync_timestamp=1632822734303&other_urls=https%3A%2F%2Fregistry.npmmirror.com%2Fansi-colors%2Fdownload%2Fansi-colors-4.1.1.tgz}
    engines: {node: '>=6'}
    dev: true

  /ansi-regex/5.0.1:
    resolution: {integrity: sha1-CCyyyJyf6GWaMRpTvWpNxTAdswQ=, tarball: ansi-regex/download/ansi-regex-5.0.1.tgz}
    engines: {node: '>=8'}
    dev: true

  /ansi-styles/4.3.0:
    resolution: {integrity: sha1-7dgDYornHATIWuegkG7a00tkiTc=, tarball: ansi-styles/download/ansi-styles-4.3.0.tgz}
    engines: {node: '>=8'}
    dependencies:
      color-convert: 2.0.1
    dev: true

  /arg/4.1.3:
    resolution: {integrity: sha1-Jp/HrVuOQstjyJbVZmAXJhwUQIk=, tarball: arg/download/arg-4.1.3.tgz}
    dev: true

  /argparse/2.0.1:
    resolution: {integrity: sha1-JG9Q88p4oyQPbJl+ipvR6sSeSzg=, tarball: argparse/download/argparse-2.0.1.tgz}
    dev: true

  /array-union/2.1.0:
    resolution: {integrity: sha1-t5hCCtvrHego2ErNii4j0+/oXo0=, tarball: array-union/download/array-union-2.1.0.tgz}
    engines: {node: '>=8'}
    dev: true

  /balanced-match/1.0.2:
    resolution: {integrity: sha1-6D46fj8wCzTLnYf2FfoMvzV2kO4=, tarball: balanced-match/download/balanced-match-1.0.2.tgz}
    dev: true

  /brace-expansion/1.1.11:
    resolution: {integrity: sha1-PH/L9SnYcibz0vUrlm/1Jx60Qd0=, tarball: brace-expansion/download/brace-expansion-1.1.11.tgz}
    dependencies:
      balanced-match: 1.0.2
      concat-map: 0.0.1
    dev: true

  /braces/3.0.2:
    resolution: {integrity: sha1-NFThpGLujVmeI23zNs2epPiv4Qc=, tarball: braces/download/braces-3.0.2.tgz}
    engines: {node: '>=8'}
    dependencies:
      fill-range: 7.0.1
    dev: true

  /callsites/3.1.0:
    resolution: {integrity: sha1-s2MKvYlDQy9Us/BRkjjjPNffL3M=, tarball: callsites/download/callsites-3.1.0.tgz}
    engines: {node: '>=6'}
    dev: true

  /chalk/4.1.2:
    resolution: {integrity: sha1-qsTit3NKdAhnrrFr8CqtVWoeegE=, tarball: chalk/download/chalk-4.1.2.tgz}
    engines: {node: '>=10'}
    dependencies:
      ansi-styles: 4.3.0
      supports-color: 7.2.0
    dev: true

  /color-convert/2.0.1:
    resolution: {integrity: sha1-ctOmjVmMm9s68q0ehPIdiWq9TeM=, tarball: color-convert/download/color-convert-2.0.1.tgz}
    engines: {node: '>=7.0.0'}
    dependencies:
      color-name: 1.1.4
    dev: true

  /color-name/1.1.4:
    resolution: {integrity: sha1-wqCah6y95pVD3m9j+jmVyCbFNqI=, tarball: color-name/download/color-name-1.1.4.tgz}
    dev: true

  /concat-map/0.0.1:
    resolution: {integrity: sha1-2Klr13/Wjfd5OnMDajug1UBdR3s=, tarball: concat-map/download/concat-map-0.0.1.tgz}
    dev: true

  /create-require/1.1.1:
    resolution: {integrity: sha1-wdfo8eX2z8n/ZfnNNS03NIdWwzM=, tarball: create-require/download/create-require-1.1.1.tgz}
    dev: true

  /cross-spawn/7.0.3:
    resolution: {integrity: sha1-9zqFudXUHQRVUcF34ogtSshXKKY=, tarball: cross-spawn/download/cross-spawn-7.0.3.tgz}
    engines: {node: '>= 8'}
    dependencies:
      path-key: 3.1.1
      shebang-command: 2.0.0
      which: 2.0.2
    dev: true

  /debug/4.3.3:
    resolution: {integrity: sha512-/zxw5+vh1Tfv+4Qn7a5nsbcJKPaSvCDhojn6FEl9vupwK2VCSDtEiEtqr8DFtzYFOdz63LBkxec7DYuc2jon6Q==, tarball: debug/download/debug-4.3.3.tgz}
    engines: {node: '>=6.0'}
    peerDependencies:
      supports-color: '*'
    peerDependenciesMeta:
      supports-color:
        optional: true
    dependencies:
      ms: 2.1.2
    dev: true

  /deep-is/0.1.4:
    resolution: {integrity: sha1-pvLc5hL63S7x9Rm3NVHxfoUZmDE=, tarball: deep-is/download/deep-is-0.1.4.tgz}
    dev: true

  /diff/4.0.2:
    resolution: {integrity: sha1-YPOuy4nV+uUgwRqhnvwruYKq3n0=, tarball: diff/download/diff-4.0.2.tgz}
    engines: {node: '>=0.3.1'}
    dev: true

  /dir-glob/3.0.1:
    resolution: {integrity: sha1-Vtv3PZkqSpO6FYT0U0Bj/S5BcX8=, tarball: dir-glob/download/dir-glob-3.0.1.tgz}
    engines: {node: '>=8'}
    dependencies:
      path-type: 4.0.0
    dev: true

  /doctrine/3.0.0:
    resolution: {integrity: sha1-rd6+rXKmV023g2OdyHoSF3OXOWE=, tarball: doctrine/download/doctrine-3.0.0.tgz}
    engines: {node: '>=6.0.0'}
    dependencies:
      esutils: 2.0.3
    dev: true

  /enquirer/2.3.6:
    resolution: {integrity: sha1-Kn/l3WNKHkElqXXsmU/1RW3Dc00=, tarball: enquirer/download/enquirer-2.3.6.tgz}
    engines: {node: '>=8.6'}
    dependencies:
      ansi-colors: 4.1.1
    dev: true

  /escape-string-regexp/4.0.0:
    resolution: {integrity: sha1-FLqDpdNz49MR5a/KKc9b+tllvzQ=, tarball: escape-string-regexp/download/escape-string-regexp-4.0.0.tgz}
    engines: {node: '>=10'}
    dev: true

  /eslint-scope/5.1.1:
    resolution: {integrity: sha1-54blmmbLkrP2wfsNUIqrF0hI9Iw=, tarball: eslint-scope/download/eslint-scope-5.1.1.tgz}
    engines: {node: '>=8.0.0'}
    dependencies:
      esrecurse: 4.3.0
      estraverse: 4.3.0
    dev: true

  /eslint-scope/7.1.0:
    resolution: {integrity: sha512-aWwkhnS0qAXqNOgKOK0dJ2nvzEbhEvpy8OlJ9kZ0FeZnA6zpjv1/Vei+puGFFX7zkPCkHHXb7IDX3A+7yPrRWg==, tarball: eslint-scope/download/eslint-scope-7.1.0.tgz}
    engines: {node: ^12.22.0 || ^14.17.0 || >=16.0.0}
    dependencies:
      esrecurse: 4.3.0
      estraverse: 5.3.0
    dev: true

  /eslint-utils/3.0.0_eslint@8.4.1:
    resolution: {integrity: sha1-iuuvrOc0W7M1WdsKHxOh0tSMNnI=, tarball: eslint-utils/download/eslint-utils-3.0.0.tgz?cache=0&sync_timestamp=1632822771335&other_urls=https%3A%2F%2Fregistry.npmmirror.com%2Feslint-utils%2Fdownload%2Feslint-utils-3.0.0.tgz}
    engines: {node: ^10.0.0 || ^12.0.0 || >= 14.0.0}
    peerDependencies:
      eslint: '>=5'
    dependencies:
      eslint: 8.4.1
      eslint-visitor-keys: 2.1.0
    dev: true

  /eslint-visitor-keys/2.1.0:
    resolution: {integrity: sha1-9lMoJZMFknOSyTjtROsKXJsr0wM=, tarball: eslint-visitor-keys/download/eslint-visitor-keys-2.1.0.tgz?cache=0&sync_timestamp=1636381637069&other_urls=https%3A%2F%2Fregistry.npmmirror.com%2Feslint-visitor-keys%2Fdownload%2Feslint-visitor-keys-2.1.0.tgz}
    engines: {node: '>=10'}
    dev: true

  /eslint-visitor-keys/3.1.0:
    resolution: {integrity: sha512-yWJFpu4DtjsWKkt5GeNBBuZMlNcYVs6vRCLoCVEJrTjaSB6LC98gFipNK/erM2Heg/E8mIK+hXG/pJMLK+eRZA==, tarball: eslint-visitor-keys/download/eslint-visitor-keys-3.1.0.tgz?cache=0&sync_timestamp=1636381637069&other_urls=https%3A%2F%2Fregistry.npmmirror.com%2Feslint-visitor-keys%2Fdownload%2Feslint-visitor-keys-3.1.0.tgz}
    engines: {node: ^12.22.0 || ^14.17.0 || >=16.0.0}
    dev: true

  /eslint/8.4.1:
    resolution: {integrity: sha512-TxU/p7LB1KxQ6+7aztTnO7K0i+h0tDi81YRY9VzB6Id71kNz+fFYnf5HD5UOQmxkzcoa0TlVZf9dpMtUv0GpWg==, tarball: eslint/download/eslint-8.4.1.tgz}
    engines: {node: ^12.22.0 || ^14.17.0 || >=16.0.0}
    hasBin: true
    dependencies:
      '@eslint/eslintrc': 1.0.5
      '@humanwhocodes/config-array': 0.9.2
      ajv: 6.12.6
      chalk: 4.1.2
      cross-spawn: 7.0.3
      debug: 4.3.3
      doctrine: 3.0.0
      enquirer: 2.3.6
      escape-string-regexp: 4.0.0
      eslint-scope: 7.1.0
      eslint-utils: 3.0.0_eslint@8.4.1
      eslint-visitor-keys: 3.1.0
      espree: 9.2.0
      esquery: 1.4.0
      esutils: 2.0.3
      fast-deep-equal: 3.1.3
      file-entry-cache: 6.0.1
      functional-red-black-tree: 1.0.1
      glob-parent: 6.0.2
      globals: 13.12.0
      ignore: 4.0.6
      import-fresh: 3.3.0
      imurmurhash: 0.1.4
      is-glob: 4.0.3
      js-yaml: 4.1.0
      json-stable-stringify-without-jsonify: 1.0.1
      levn: 0.4.1
      lodash.merge: 4.6.2
      minimatch: 3.0.4
      natural-compare: 1.4.0
      optionator: 0.9.1
      progress: 2.0.3
      regexpp: 3.2.0
      semver: 7.3.5
      strip-ansi: 6.0.1
      strip-json-comments: 3.1.1
      text-table: 0.2.0
      v8-compile-cache: 2.3.0
    transitivePeerDependencies:
      - supports-color
    dev: true

  /espree/9.2.0:
    resolution: {integrity: sha512-oP3utRkynpZWF/F2x/HZJ+AGtnIclaR7z1pYPxy7NYM2fSO6LgK/Rkny8anRSPK/VwEA1eqm2squui0T7ZMOBg==, tarball: espree/download/espree-9.2.0.tgz}
    engines: {node: ^12.22.0 || ^14.17.0 || >=16.0.0}
    dependencies:
      acorn: 8.6.0
      acorn-jsx: 5.3.2_acorn@8.6.0
      eslint-visitor-keys: 3.1.0
    dev: true

  /esquery/1.4.0:
    resolution: {integrity: sha1-IUj/w4uC6McFff7UhCWz5h8PJKU=, tarball: esquery/download/esquery-1.4.0.tgz}
    engines: {node: '>=0.10'}
    dependencies:
      estraverse: 5.3.0
    dev: true

  /esrecurse/4.3.0:
    resolution: {integrity: sha1-eteWTWeauyi+5yzsY3WLHF0smSE=, tarball: esrecurse/download/esrecurse-4.3.0.tgz}
    engines: {node: '>=4.0'}
    dependencies:
      estraverse: 5.3.0
    dev: true

  /estraverse/4.3.0:
    resolution: {integrity: sha1-OYrT88WiSUi+dyXoPRGn3ijNvR0=, tarball: estraverse/download/estraverse-4.3.0.tgz}
    engines: {node: '>=4.0'}
    dev: true

  /estraverse/5.3.0:
    resolution: {integrity: sha1-LupSkHAvJquP5TcDcP+GyWXSESM=, tarball: estraverse/download/estraverse-5.3.0.tgz}
    engines: {node: '>=4.0'}
    dev: true

  /esutils/2.0.3:
    resolution: {integrity: sha1-dNLrTeC42hKTcRkQ1Qd1ubcQ72Q=, tarball: esutils/download/esutils-2.0.3.tgz}
    engines: {node: '>=0.10.0'}
    dev: true

  /fast-deep-equal/3.1.3:
    resolution: {integrity: sha1-On1WtVnWy8PrUSMlJE5hmmXGxSU=, tarball: fast-deep-equal/download/fast-deep-equal-3.1.3.tgz}
    dev: true

  /fast-glob/3.2.7:
    resolution: {integrity: sha1-/Wy3otfpqnp4RhEehaGW1rL3ZqE=, tarball: fast-glob/download/fast-glob-3.2.7.tgz}
    engines: {node: '>=8'}
    dependencies:
      '@nodelib/fs.stat': 2.0.5
      '@nodelib/fs.walk': 1.2.8
      glob-parent: 5.1.2
      merge2: 1.4.1
      micromatch: 4.0.4
    dev: true

  /fast-json-stable-stringify/2.1.0:
    resolution: {integrity: sha1-h0v2nG9ATCtdmcSBNBOZ/VWJJjM=, tarball: fast-json-stable-stringify/download/fast-json-stable-stringify-2.1.0.tgz}
    dev: true

  /fast-levenshtein/2.0.6:
    resolution: {integrity: sha1-PYpcZog6FqMMqGQ+hR8Zuqd5eRc=, tarball: fast-levenshtein/download/fast-levenshtein-2.0.6.tgz?cache=0&sync_timestamp=1632822799013&other_urls=https%3A%2F%2Fregistry.npmmirror.com%2Ffast-levenshtein%2Fdownload%2Ffast-levenshtein-2.0.6.tgz}
    dev: true

  /fastq/1.13.0:
    resolution: {integrity: sha1-YWdg+Ip1Jr38WWt8q4wYk4w2uYw=, tarball: fastq/download/fastq-1.13.0.tgz?cache=0&sync_timestamp=1632822735358&other_urls=https%3A%2F%2Fregistry.npmmirror.com%2Ffastq%2Fdownload%2Ffastq-1.13.0.tgz}
    dependencies:
      reusify: 1.0.4
    dev: true

  /file-entry-cache/6.0.1:
    resolution: {integrity: sha1-IRst2WWcsDlLBz5zI6w8kz1SICc=, tarball: file-entry-cache/download/file-entry-cache-6.0.1.tgz}
    engines: {node: ^10.12.0 || >=12.0.0}
    dependencies:
      flat-cache: 3.0.4
    dev: true

  /fill-range/7.0.1:
    resolution: {integrity: sha1-GRmmp8df44ssfHflGYU12prN2kA=, tarball: fill-range/download/fill-range-7.0.1.tgz}
    engines: {node: '>=8'}
    dependencies:
      to-regex-range: 5.0.1
    dev: true

  /flat-cache/3.0.4:
    resolution: {integrity: sha1-YbAzgwKy/p+Vfcwy/CqH8cMEixE=, tarball: flat-cache/download/flat-cache-3.0.4.tgz}
    engines: {node: ^10.12.0 || >=12.0.0}
    dependencies:
      flatted: 3.2.4
      rimraf: 3.0.2
    dev: true

  /flatted/3.2.4:
    resolution: {integrity: sha512-8/sOawo8tJ4QOBX8YlQBMxL8+RLZfxMQOif9o0KUKTNTjMYElWPE0r/m5VNFxTRd0NSw8qSy8dajrwX4RYI1Hw==, tarball: flatted/download/flatted-3.2.4.tgz}
    dev: true

  /fs.realpath/1.0.0:
    resolution: {integrity: sha1-FQStJSMVjKpA20onh8sBQRmU6k8=, tarball: fs.realpath/download/fs.realpath-1.0.0.tgz}
    dev: true

  /functional-red-black-tree/1.0.1:
    resolution: {integrity: sha1-GwqzvVU7Kg1jmdKcDj6gslIHgyc=, tarball: functional-red-black-tree/download/functional-red-black-tree-1.0.1.tgz}
    dev: true

  /glob-parent/5.1.2:
    resolution: {integrity: sha1-hpgyxYA0/mikCTwX3BXoNA2EAcQ=, tarball: glob-parent/download/glob-parent-5.1.2.tgz}
    engines: {node: '>= 6'}
    dependencies:
      is-glob: 4.0.3
    dev: true

  /glob-parent/6.0.2:
    resolution: {integrity: sha1-bSN9mQg5UMeSkPJMdkKj3poo+eM=, tarball: glob-parent/download/glob-parent-6.0.2.tgz}
    engines: {node: '>=10.13.0'}
    dependencies:
      is-glob: 4.0.3
    dev: true

  /glob/7.2.0:
    resolution: {integrity: sha1-0VU1r3cy4C6Uj0xBYovZECk/YCM=, tarball: glob/download/glob-7.2.0.tgz}
    dependencies:
      fs.realpath: 1.0.0
      inflight: 1.0.6
      inherits: 2.0.4
      minimatch: 3.0.4
      once: 1.4.0
      path-is-absolute: 1.0.1
    dev: true

  /globals/13.12.0:
    resolution: {integrity: sha1-TXM3YDBCMKAILtluIeXFZfiYCJ4=, tarball: globals/download/globals-13.12.0.tgz}
    engines: {node: '>=8'}
    dependencies:
      type-fest: 0.20.2
    dev: true

  /globby/11.0.4:
    resolution: {integrity: sha1-LLr/d8Lypi5x6bKBOme5ejowAaU=, tarball: globby/download/globby-11.0.4.tgz}
    engines: {node: '>=10'}
    dependencies:
      array-union: 2.1.0
      dir-glob: 3.0.1
      fast-glob: 3.2.7
      ignore: 5.1.9
      merge2: 1.4.1
      slash: 3.0.0
    dev: true

  /has-flag/4.0.0:
    resolution: {integrity: sha1-lEdx/ZyByBJlxNaUGGDaBrtZR5s=, tarball: has-flag/download/has-flag-4.0.0.tgz}
    engines: {node: '>=8'}
    dev: true

  /ignore/4.0.6:
    resolution: {integrity: sha1-dQ49tYYgh7RzfrrIIH/9HvJ7Jfw=, tarball: ignore/download/ignore-4.0.6.tgz}
    engines: {node: '>= 4'}
    dev: true

  /ignore/5.1.9:
    resolution: {integrity: sha1-nsGly+jhRG7GDUQgBg1Dqm5zgvs=, tarball: ignore/download/ignore-5.1.9.tgz}
    engines: {node: '>= 4'}
    dev: true

  /import-fresh/3.3.0:
    resolution: {integrity: sha1-NxYsJfy566oublPVtNiM4X2eDCs=, tarball: import-fresh/download/import-fresh-3.3.0.tgz}
    engines: {node: '>=6'}
    dependencies:
      parent-module: 1.0.1
      resolve-from: 4.0.0
    dev: true

  /imurmurhash/0.1.4:
    resolution: {integrity: sha1-khi5srkoojixPcT7a21XbyMUU+o=, tarball: imurmurhash/download/imurmurhash-0.1.4.tgz}
    engines: {node: '>=0.8.19'}
    dev: true

  /inflight/1.0.6:
    resolution: {integrity: sha1-Sb1jMdfQLQwJvJEKEHW6gWW1bfk=, tarball: inflight/download/inflight-1.0.6.tgz}
    dependencies:
      once: 1.4.0
      wrappy: 1.0.2
    dev: true

  /inherits/2.0.4:
    resolution: {integrity: sha1-D6LGT5MpF8NDOg3tVTY6rjdBa3w=, tarball: inherits/download/inherits-2.0.4.tgz}
    dev: true

  /is-extglob/2.1.1:
    resolution: {integrity: sha1-qIwCU1eR8C7TfHahueqXc8gz+MI=, tarball: is-extglob/download/is-extglob-2.1.1.tgz}
    engines: {node: '>=0.10.0'}
    dev: true

  /is-glob/4.0.3:
    resolution: {integrity: sha1-ZPYeQsu7LuwgcanawLKLoeZdUIQ=, tarball: is-glob/download/is-glob-4.0.3.tgz}
    engines: {node: '>=0.10.0'}
    dependencies:
      is-extglob: 2.1.1
    dev: true

  /is-number/7.0.0:
    resolution: {integrity: sha1-dTU0W4lnNNX4DE0GxQlVUnoU8Ss=, tarball: is-number/download/is-number-7.0.0.tgz}
    engines: {node: '>=0.12.0'}
    dev: true

  /isexe/2.0.0:
    resolution: {integrity: sha1-6PvzdNxVb/iUehDcsFctYz8s+hA=, tarball: isexe/download/isexe-2.0.0.tgz}
    dev: true

  /js-yaml/4.1.0:
    resolution: {integrity: sha1-wftl+PUBeQHN0slRhkuhhFihBgI=, tarball: js-yaml/download/js-yaml-4.1.0.tgz}
    hasBin: true
    dependencies:
      argparse: 2.0.1
    dev: true

  /json-schema-traverse/0.4.1:
    resolution: {integrity: sha1-afaofZUTq4u4/mO9sJecRI5oRmA=, tarball: json-schema-traverse/download/json-schema-traverse-0.4.1.tgz}
    dev: true

  /json-stable-stringify-without-jsonify/1.0.1:
    resolution: {integrity: sha1-nbe1lJatPzz+8wp1FC0tkwrXJlE=, tarball: json-stable-stringify-without-jsonify/download/json-stable-stringify-without-jsonify-1.0.1.tgz}
    dev: true

  /levn/0.4.1:
    resolution: {integrity: sha1-rkViwAdHO5MqYgDUAyaN0v/8at4=, tarball: levn/download/levn-0.4.1.tgz}
    engines: {node: '>= 0.8.0'}
    dependencies:
      prelude-ls: 1.2.1
      type-check: 0.4.0
    dev: true

  /lodash.merge/4.6.2:
    resolution: {integrity: sha1-VYqlO0O2YeGSWgr9+japoQhf5Xo=, tarball: lodash.merge/download/lodash.merge-4.6.2.tgz}
    dev: true

  /lru-cache/6.0.0:
    resolution: {integrity: sha1-bW/mVw69lqr5D8rR2vo7JWbbOpQ=, tarball: lru-cache/download/lru-cache-6.0.0.tgz}
    engines: {node: '>=10'}
    dependencies:
      yallist: 4.0.0
    dev: true

  /make-error/1.3.6:
    resolution: {integrity: sha1-LrLjfqm2fEiR9oShOUeZr0hM96I=, tarball: make-error/download/make-error-1.3.6.tgz}
    dev: true

  /merge2/1.4.1:
    resolution: {integrity: sha1-Q2iJL4hekHRVpv19xVwMnUBJkK4=, tarball: merge2/download/merge2-1.4.1.tgz}
    engines: {node: '>= 8'}
    dev: true

  /micromatch/4.0.4:
    resolution: {integrity: sha1-iW1Rnf6dsl/OlM63pQCRm/iB6/k=, tarball: micromatch/download/micromatch-4.0.4.tgz?cache=0&sync_timestamp=1632822666893&other_urls=https%3A%2F%2Fregistry.npmmirror.com%2Fmicromatch%2Fdownload%2Fmicromatch-4.0.4.tgz}
    engines: {node: '>=8.6'}
    dependencies:
      braces: 3.0.2
      picomatch: 2.3.0
    dev: true

  /minimatch/3.0.4:
    resolution: {integrity: sha1-UWbihkV/AzBgZL5Ul+jbsMPTIIM=, tarball: minimatch/download/minimatch-3.0.4.tgz}
    dependencies:
      brace-expansion: 1.1.11
    dev: true

  /ms/2.1.2:
    resolution: {integrity: sha1-0J0fNXtEP0kzgqjrPM0YOHKuYAk=, tarball: ms/download/ms-2.1.2.tgz?cache=0&sync_timestamp=1632822734970&other_urls=https%3A%2F%2Fregistry.npmmirror.com%2Fms%2Fdownload%2Fms-2.1.2.tgz}
    dev: true

  /natural-compare/1.4.0:
    resolution: {integrity: sha1-Sr6/7tdUHywnrPspvbvRXI1bpPc=, tarball: natural-compare/download/natural-compare-1.4.0.tgz}
    dev: true

  /once/1.4.0:
    resolution: {integrity: sha1-WDsap3WWHUsROsF9nFC6753Xa9E=, tarball: once/download/once-1.4.0.tgz}
    dependencies:
      wrappy: 1.0.2
    dev: true

  /optionator/0.9.1:
    resolution: {integrity: sha1-TyNqY3Pa4FZqbUPhMmZ09QwpFJk=, tarball: optionator/download/optionator-0.9.1.tgz}
    engines: {node: '>= 0.8.0'}
    dependencies:
      deep-is: 0.1.4
      fast-levenshtein: 2.0.6
      levn: 0.4.1
      prelude-ls: 1.2.1
      type-check: 0.4.0
      word-wrap: 1.2.3
    dev: true

  /parent-module/1.0.1:
    resolution: {integrity: sha1-aR0nCeeMefrjoVZiJFLQB2LKqqI=, tarball: parent-module/download/parent-module-1.0.1.tgz}
    engines: {node: '>=6'}
    dependencies:
      callsites: 3.1.0
    dev: true

  /path-is-absolute/1.0.1:
    resolution: {integrity: sha1-F0uSaHNVNP+8es5r9TpanhtcX18=, tarball: path-is-absolute/download/path-is-absolute-1.0.1.tgz}
    engines: {node: '>=0.10.0'}
    dev: true

  /path-key/3.1.1:
    resolution: {integrity: sha1-WB9q3mWMu6ZaDTOA3ndTKVBU83U=, tarball: path-key/download/path-key-3.1.1.tgz}
    engines: {node: '>=8'}
    dev: true

  /path-type/4.0.0:
    resolution: {integrity: sha1-hO0BwKe6OAr+CdkKjBgNzZ0DBDs=, tarball: path-type/download/path-type-4.0.0.tgz}
    engines: {node: '>=8'}
    dev: true

  /picomatch/2.3.0:
    resolution: {integrity: sha1-8fBh3o9qS/AiiS4tEoI0+5gwKXI=, tarball: picomatch/download/picomatch-2.3.0.tgz}
    engines: {node: '>=8.6'}
    dev: true

  /prelude-ls/1.2.1:
    resolution: {integrity: sha1-3rxkidem5rDnYRiIzsiAM30xY5Y=, tarball: prelude-ls/download/prelude-ls-1.2.1.tgz}
    engines: {node: '>= 0.8.0'}
    dev: true

  /prettier/2.5.1:
    resolution: {integrity: sha512-vBZcPRUR5MZJwoyi3ZoyQlc1rXeEck8KgeC9AwwOn+exuxLxq5toTRDTSaVrXHxelDMHy9zlicw8u66yxoSUFg==, tarball: prettier/download/prettier-2.5.1.tgz}
    engines: {node: '>=10.13.0'}
    hasBin: true
    dev: true

  /progress/2.0.3:
    resolution: {integrity: sha1-foz42PW48jnBvGi+tOt4Vn1XLvg=, tarball: progress/download/progress-2.0.3.tgz?cache=0&sync_timestamp=1632822727493&other_urls=https%3A%2F%2Fregistry.npmmirror.com%2Fprogress%2Fdownload%2Fprogress-2.0.3.tgz}
    engines: {node: '>=0.4.0'}
    dev: true

  /punycode/2.1.1:
    resolution: {integrity: sha1-tYsBCsQMIsVldhbI0sLALHv0eew=, tarball: punycode/download/punycode-2.1.1.tgz}
    engines: {node: '>=6'}
    dev: true

  /queue-microtask/1.2.3:
    resolution: {integrity: sha1-SSkii7xyTfrEPg77BYyve2z7YkM=, tarball: queue-microtask/download/queue-microtask-1.2.3.tgz}
    dev: true

  /regexpp/3.2.0:
    resolution: {integrity: sha1-BCWido2PI7rXDKS5BGH6LxIT4bI=, tarball: regexpp/download/regexpp-3.2.0.tgz?cache=0&sync_timestamp=1632822771668&other_urls=https%3A%2F%2Fregistry.npmmirror.com%2Fregexpp%2Fdownload%2Fregexpp-3.2.0.tgz}
    engines: {node: '>=8'}
    dev: true

  /resolve-from/4.0.0:
    resolution: {integrity: sha1-SrzYUq0y3Xuqv+m0DgCjbbXzkuY=, tarball: resolve-from/download/resolve-from-4.0.0.tgz?cache=0&sync_timestamp=1632822736359&other_urls=https%3A%2F%2Fregistry.npmmirror.com%2Fresolve-from%2Fdownload%2Fresolve-from-4.0.0.tgz}
    engines: {node: '>=4'}
    dev: true

  /reusify/1.0.4:
    resolution: {integrity: sha1-kNo4Kx4SbvwCFG6QhFqI2xKSXXY=, tarball: reusify/download/reusify-1.0.4.tgz}
    engines: {iojs: '>=1.0.0', node: '>=0.10.0'}
    dev: true

  /rimraf/3.0.2:
    resolution: {integrity: sha1-8aVAK6YiCtUswSgrrBrjqkn9Bho=, tarball: rimraf/download/rimraf-3.0.2.tgz?cache=0&sync_timestamp=1632822764504&other_urls=https%3A%2F%2Fregistry.npmmirror.com%2Frimraf%2Fdownload%2Frimraf-3.0.2.tgz}
    hasBin: true
    dependencies:
      glob: 7.2.0
    dev: true

  /run-parallel/1.2.0:
    resolution: {integrity: sha1-ZtE2jae9+SHrnZW9GpIp5/IaQ+4=, tarball: run-parallel/download/run-parallel-1.2.0.tgz}
    dependencies:
      queue-microtask: 1.2.3
    dev: true

  /semver/7.3.5:
    resolution: {integrity: sha1-C2Ich5NI2JmOSw5L6Us/EuYBjvc=, tarball: semver/download/semver-7.3.5.tgz}
    engines: {node: '>=10'}
    hasBin: true
    dependencies:
      lru-cache: 6.0.0
    dev: true

  /shebang-command/2.0.0:
    resolution: {integrity: sha1-zNCvT4g1+9wmW4JGGq8MNmY/NOo=, tarball: shebang-command/download/shebang-command-2.0.0.tgz}
    engines: {node: '>=8'}
    dependencies:
      shebang-regex: 3.0.0
    dev: true

  /shebang-regex/3.0.0:
    resolution: {integrity: sha1-rhbxZE2HPsrYQ7AwexQzYtTEIXI=, tarball: shebang-regex/download/shebang-regex-3.0.0.tgz}
    engines: {node: '>=8'}
    dev: true

  /slash/3.0.0:
    resolution: {integrity: sha1-ZTm+hwwWWtvVJAIg2+Nh8bxNRjQ=, tarball: slash/download/slash-3.0.0.tgz?cache=0&sync_timestamp=1632822671385&other_urls=https%3A%2F%2Fregistry.npmmirror.com%2Fslash%2Fdownload%2Fslash-3.0.0.tgz}
    engines: {node: '>=8'}
    dev: true

  /strip-ansi/6.0.1:
    resolution: {integrity: sha1-nibGPTD1NEPpSJSVshBdN7Z6hdk=, tarball: strip-ansi/download/strip-ansi-6.0.1.tgz?cache=0&sync_timestamp=1632822728166&other_urls=https%3A%2F%2Fregistry.npmmirror.com%2Fstrip-ansi%2Fdownload%2Fstrip-ansi-6.0.1.tgz}
    engines: {node: '>=8'}
    dependencies:
      ansi-regex: 5.0.1
    dev: true

  /strip-json-comments/3.1.1:
    resolution: {integrity: sha1-MfEoGzgyYwQ0gxwxDAHMzajL4AY=, tarball: strip-json-comments/download/strip-json-comments-3.1.1.tgz}
    engines: {node: '>=8'}
    dev: true

  /supports-color/7.2.0:
    resolution: {integrity: sha1-G33NyzK4E4gBs+R4umpRyqiWSNo=, tarball: supports-color/download/supports-color-7.2.0.tgz}
    engines: {node: '>=8'}
    dependencies:
      has-flag: 4.0.0
    dev: true

  /text-table/0.2.0:
    resolution: {integrity: sha1-f17oI66AUgfACvLfSoTsP8+lcLQ=, tarball: text-table/download/text-table-0.2.0.tgz}
    dev: true

  /to-regex-range/5.0.1:
    resolution: {integrity: sha1-FkjESq58jZiKMmAY7XL1tN0DkuQ=, tarball: to-regex-range/download/to-regex-range-5.0.1.tgz}
    engines: {node: '>=8.0'}
    dependencies:
      is-number: 7.0.0
    dev: true

  /ts-node/10.4.0_69110452f0eabb9535124518c5fd04a6:
    resolution: {integrity: sha1-aA+IlFiF9ObPRQ5/DWIj3UBIlfc=, tarball: ts-node/download/ts-node-10.4.0.tgz}
    hasBin: true
    peerDependencies:
      '@swc/core': '>=1.2.50'
      '@swc/wasm': '>=1.2.50'
      '@types/node': '*'
      typescript: '>=2.7'
    peerDependenciesMeta:
      '@swc/core':
        optional: true
      '@swc/wasm':
        optional: true
    dependencies:
      '@cspotcode/source-map-support': 0.7.0
      '@tsconfig/node10': 1.0.8
      '@tsconfig/node12': 1.0.9
      '@tsconfig/node14': 1.0.1
      '@tsconfig/node16': 1.0.2
      '@types/node': 16.11.13
      acorn: 8.6.0
      acorn-walk: 8.2.0
      arg: 4.1.3
      create-require: 1.1.1
      diff: 4.0.2
      make-error: 1.3.6
      typescript: 4.5.4
      yn: 3.1.1
    dev: true

  /tslib/1.14.1:
    resolution: {integrity: sha1-zy04vcNKE0vK8QkcQfZhni9nLQA=, tarball: tslib/download/tslib-1.14.1.tgz}
    dev: true

  /tsutils/3.21.0_typescript@4.5.4:
    resolution: {integrity: sha1-tIcX05TOpsHglpg+7Vjp1hcVtiM=, tarball: tsutils/download/tsutils-3.21.0.tgz?cache=0&sync_timestamp=1632822771870&other_urls=https%3A%2F%2Fregistry.npmmirror.com%2Ftsutils%2Fdownload%2Ftsutils-3.21.0.tgz}
    engines: {node: '>= 6'}
    peerDependencies:
      typescript: '>=2.8.0 || >= 3.2.0-dev || >= 3.3.0-dev || >= 3.4.0-dev || >= 3.5.0-dev || >= 3.6.0-dev || >= 3.6.0-beta || >= 3.7.0-dev || >= 3.7.0-beta'
    dependencies:
      tslib: 1.14.1
      typescript: 4.5.4
    dev: true

  /type-check/0.4.0:
    resolution: {integrity: sha1-B7ggO/pwVsBlcFDjzNLDdzC6uPE=, tarball: type-check/download/type-check-0.4.0.tgz}
    engines: {node: '>= 0.8.0'}
    dependencies:
      prelude-ls: 1.2.1
    dev: true

  /type-fest/0.20.2:
    resolution: {integrity: sha1-G/IH9LKPkVg2ZstfvTJ4hzAc1fQ=, tarball: type-fest/download/type-fest-0.20.2.tgz}
    engines: {node: '>=10'}
    dev: true

  /typescript/4.5.4:
    resolution: {integrity: sha512-VgYs2A2QIRuGphtzFV7aQJduJ2gyfTljngLzjpfW9FoYZF6xuw1W0vW9ghCKLfcWrCFxK81CSGRAvS1pn4fIUg==, tarball: typescript/download/typescript-4.5.4.tgz}
    engines: {node: '>=4.2.0'}
    hasBin: true
    dev: true

  /uri-js/4.4.1:
    resolution: {integrity: sha1-mxpSWVIlhZ5V9mnZKPiMbFfyp34=, tarball: uri-js/download/uri-js-4.4.1.tgz}
    dependencies:
      punycode: 2.1.1
    dev: true

  /v8-compile-cache/2.3.0:
    resolution: {integrity: sha1-LeGWGMZtwkfc+2+ZM4A12CRaLO4=, tarball: v8-compile-cache/download/v8-compile-cache-2.3.0.tgz}
    dev: true

  /which/2.0.2:
    resolution: {integrity: sha1-fGqN0KY2oDJ+ELWckobu6T8/UbE=, tarball: which/download/which-2.0.2.tgz}
    engines: {node: '>= 8'}
    hasBin: true
    dependencies:
      isexe: 2.0.0
    dev: true

  /word-wrap/1.2.3:
    resolution: {integrity: sha1-YQY29rH3A4kb00dxzLF/uTtHB5w=, tarball: word-wrap/download/word-wrap-1.2.3.tgz}
    engines: {node: '>=0.10.0'}
    dev: true

  /wrappy/1.0.2:
    resolution: {integrity: sha1-tSQ9jz7BqjXxNkYFvA0QNuMKtp8=, tarball: wrappy/download/wrappy-1.0.2.tgz}
    dev: true

  /yallist/4.0.0:
    resolution: {integrity: sha1-m7knkNnA7/7GO+c1GeEaNQGaOnI=, tarball: yallist/download/yallist-4.0.0.tgz}
    dev: true

  /yn/3.1.1:
    resolution: {integrity: sha1-HodAGgnXZ8HV6rJqbkwYUYLS61A=, tarball: yn/download/yn-3.1.1.tgz}
    engines: {node: '>=6'}
    dev: true
